
Microsoft Visual Studio Solution File, Format Version 12.00
# Visual Studio Version 16
VisualStudioVersion = 16.0.30804.86
MinimumVisualStudioVersion = 10.0.40219.1
Project("{FAE04EC0-301F-11D3-BF4B-00C04F79EFBC}") = "MasterPaige.Android", "MasterPaige.Android\MasterPaige.Android.csproj", "{9C38E333-C1EA-4745-9E7A-7A6966D83DC1}"
EndProject
Project("{FAE04EC0-301F-11D3-BF4B-00C04F79EFBC}") = "MasterPaige", "MasterPaige\MasterPaige.csproj", "{672DF468-40EB-4E3E-AB3A-8CFBD1EC3032}"
EndProject
Global
	GlobalSection(SolutionConfigurationPlatforms) = preSolution
		Debug|Any CPU = Debug|Any CPU
		Release|Any CPU = Release|Any CPU
	EndGlobalSection
	GlobalSection(ProjectConfigurationPlatforms) = postSolution
		{9C38E333-C1EA-4745-9E7A-7A6966D83DC1}.Debug|Any CPU.ActiveCfg = Debug|Any CPU
		{9C38E333-C1EA-4745-9E7A-7A6966D83DC1}.Debug|Any CPU.Build.0 = Debug|Any CPU
		{9C38E333-C1EA-4745-9E7A-7A6966D83DC1}.Debug|Any CPU.Deploy.0 = Debug|Any CPU
		{9C38E333-C1EA-4745-9E7A-7A6966D83DC1}.Release|Any CPU.ActiveCfg = Release|Any CPU
		{9C38E333-C1EA-4745-9E7A-7A6966D83DC1}.Release|Any CPU.Build.0 = Release|Any CPU
		{9C38E333-C1EA-4745-9E7A-7A6966D83DC1}.Release|Any CPU.Deploy.0 = Release|Any CPU
		{672DF468-40EB-4E3E-AB3A-8CFBD1EC3032}.Debug|Any CPU.ActiveCfg = Debug|Any CPU
		{672DF468-40EB-4E3E-AB3A-8CFBD1EC3032}.Debug|Any CPU.Build.0 = Debug|Any CPU
		{672DF468-40EB-4E3E-AB3A-8CFBD1EC3032}.Debug|Any CPU.Deploy.0 = Debug|Any CPU
		{672DF468-40EB-4E3E-AB3A-8CFBD1EC3032}.Release|Any CPU.ActiveCfg = Release|Any CPU
		{672DF468-40EB-4E3E-AB3A-8CFBD1EC3032}.Release|Any CPU.Build.0 = Release|Any CPU
		{672DF468-40EB-4E3E-AB3A-8CFBD1EC3032}.Release|Any CPU.Deploy.0 = Release|Any CPU
	EndGlobalSection
	GlobalSection(SolutionProperties) = preSolution
		HideSolutionNode = FALSE
	EndGlobalSection
	GlobalSection(ExtensibilityGlobals) = postSolution
		SolutionGuid = {B7579A51-E2F4-4716-84D8-C55ACCA07DEE}
	EndGlobalSection
EndGlobal
